
Microsoft Visual Studio Solution File, Format Version 12.00
# Visual Studio 2013
VisualStudioVersion = 12.0.31101.0
MinimumVisualStudioVersion = 10.0.40219.1
Project("{BE0A4C86-FC82-4F70-8ED6-D24C8B13E7BF}") = "Assignment4_JDBCDB5200", "Assignment4_JDBCDB5200\Assignment4_JDBCDB5200.javaproj", "{EC7C290C-90F6-46D7-9415-E5A0F3D4A60D}"
EndProject
Global
	GlobalSection(SolutionConfigurationPlatforms) = preSolution
		Debug|Any CPU = Debug|Any CPU
		Release|Any CPU = Release|Any CPU
	EndGlobalSection
	GlobalSection(ProjectConfigurationPlatforms) = postSolution
		{EC7C290C-90F6-46D7-9415-E5A0F3D4A60D}.Debug|Any CPU.ActiveCfg = Debug|Any CPU
		{EC7C290C-90F6-46D7-9415-E5A0F3D4A60D}.Debug|Any CPU.Build.0 = Debug|Any CPU
		{EC7C290C-90F6-46D7-9415-E5A0F3D4A60D}.Release|Any CPU.ActiveCfg = Release|Any CPU
		{EC7C290C-90F6-46D7-9415-E5A0F3D4A60D}.Release|Any CPU.Build.0 = Release|Any CPU
	EndGlobalSection
	GlobalSection(SolutionProperties) = preSolution
		HideSolutionNode = FALSE
	EndGlobalSection
EndGlobal
